
Microsoft Visual Studio Solution File, Format Version 12.00
# Visual Studio Version 17
VisualStudioVersion = 17.5.33530.505
MinimumVisualStudioVersion = 10.0.40219.1
Project("{FAE04EC0-301F-11D3-BF4B-00C04F79EFBC}") = "Week3IfAndSwitch", "Week3IfAndSwitch\Week3IfAndSwitch.csproj", "{C37B1DDD-16E5-4BCA-BBF7-C15607A99D82}"
EndProject
Project("{FAE04EC0-301F-11D3-BF4B-00C04F79EFBC}") = "OddOrEven", "OddOrEven\OddOrEven.csproj", "{B62C5D9D-37DC-4BAA-992A-3E4CE48B6784}"
EndProject
Project("{FAE04EC0-301F-11D3-BF4B-00C04F79EFBC}") = "IfDayOfTheWeek", "IfDayOfTheWeek\IfDayOfTheWeek.csproj", "{BB7C7CD2-09BA-4578-8BB8-D39CF432D01B}"
EndProject
Project("{FAE04EC0-301F-11D3-BF4B-00C04F79EFBC}") = "SwitchDayOfTheWeek", "SwitchDayOfTheWeek\SwitchDayOfTheWeek.csproj", "{B5B7CE04-85B9-4AEE-AD25-258816E2D92B}"
EndProject
Global
	GlobalSection(SolutionConfigurationPlatforms) = preSolution
		Debug|Any CPU = Debug|Any CPU
		Release|Any CPU = Release|Any CPU
	EndGlobalSection
	GlobalSection(ProjectConfigurationPlatforms) = postSolution
		{C37B1DDD-16E5-4BCA-BBF7-C15607A99D82}.Debug|Any CPU.ActiveCfg = Debug|Any CPU
		{C37B1DDD-16E5-4BCA-BBF7-C15607A99D82}.Debug|Any CPU.Build.0 = Debug|Any CPU
		{C37B1DDD-16E5-4BCA-BBF7-C15607A99D82}.Release|Any CPU.ActiveCfg = Release|Any CPU
		{C37B1DDD-16E5-4BCA-BBF7-C15607A99D82}.Release|Any CPU.Build.0 = Release|Any CPU
		{B62C5D9D-37DC-4BAA-992A-3E4CE48B6784}.Debug|Any CPU.ActiveCfg = Debug|Any CPU
		{B62C5D9D-37DC-4BAA-992A-3E4CE48B6784}.Debug|Any CPU.Build.0 = Debug|Any CPU
		{B62C5D9D-37DC-4BAA-992A-3E4CE48B6784}.Release|Any CPU.ActiveCfg = Release|Any CPU
		{B62C5D9D-37DC-4BAA-992A-3E4CE48B6784}.Release|Any CPU.Build.0 = Release|Any CPU
		{BB7C7CD2-09BA-4578-8BB8-D39CF432D01B}.Debug|Any CPU.ActiveCfg = Debug|Any CPU
		{BB7C7CD2-09BA-4578-8BB8-D39CF432D01B}.Debug|Any CPU.Build.0 = Debug|Any CPU
		{BB7C7CD2-09BA-4578-8BB8-D39CF432D01B}.Release|Any CPU.ActiveCfg = Release|Any CPU
		{BB7C7CD2-09BA-4578-8BB8-D39CF432D01B}.Release|Any CPU.Build.0 = Release|Any CPU
		{B5B7CE04-85B9-4AEE-AD25-258816E2D92B}.Debug|Any CPU.ActiveCfg = Debug|Any CPU
		{B5B7CE04-85B9-4AEE-AD25-258816E2D92B}.Debug|Any CPU.Build.0 = Debug|Any CPU
		{B5B7CE04-85B9-4AEE-AD25-258816E2D92B}.Release|Any CPU.ActiveCfg = Release|Any CPU
		{B5B7CE04-85B9-4AEE-AD25-258816E2D92B}.Release|Any CPU.Build.0 = Release|Any CPU
	EndGlobalSection
	GlobalSection(SolutionProperties) = preSolution
		HideSolutionNode = FALSE
	EndGlobalSection
	GlobalSection(ExtensibilityGlobals) = postSolution
		SolutionGuid = {1D64DC0A-151B-4CF5-8692-F3F0099ADD13}
	EndGlobalSection
EndGlobal
